
Microsoft Visual Studio Solution File, Format Version 12.00
# Visual Studio Version 16
VisualStudioVersion = 16.0.33529.622
MinimumVisualStudioVersion = 10.0.40219.1
Project("{FAE04EC0-301F-11D3-BF4B-00C04F79EFBC}") = "DeliveryService", "DeliveryService\DeliveryService.csproj", "{39CAAD95-E956-4F98-AE4F-D899E0925973}"
EndProject
Global
	GlobalSection(SolutionConfigurationPlatforms) = preSolution
		Debug|Any CPU = Debug|Any CPU
		Release|Any CPU = Release|Any CPU
	EndGlobalSection
	GlobalSection(ProjectConfigurationPlatforms) = postSolution
		{39CAAD95-E956-4F98-AE4F-D899E0925973}.Debug|Any CPU.ActiveCfg = Debug|Any CPU
		{39CAAD95-E956-4F98-AE4F-D899E0925973}.Debug|Any CPU.Build.0 = Debug|Any CPU
		{39CAAD95-E956-4F98-AE4F-D899E0925973}.Release|Any CPU.ActiveCfg = Release|Any CPU
		{39CAAD95-E956-4F98-AE4F-D899E0925973}.Release|Any CPU.Build.0 = Release|Any CPU
	EndGlobalSection
	GlobalSection(SolutionProperties) = preSolution
		HideSolutionNode = FALSE
	EndGlobalSection
	GlobalSection(ExtensibilityGlobals) = postSolution
		SolutionGuid = {AEBE58AA-6238-46E5-B7C5-530D81C0841E}
	EndGlobalSection
EndGlobal
